PODS:
  - UIAutoLayoutFramework_OC (1.1.3)

DEPENDENCIES:
  - UIAutoLayoutFramework_OC (from `../../UIAutoLayoutFramework_OC/`)

EXTERNAL SOURCES:
  UIAutoLayoutFramework_OC:
    :path: "../../UIAutoLayoutFramework_OC/"

SPEC CHECKSUMS:
  UIAutoLayoutFramework_OC: 84b026e5fee91380413a0b35b3bd82aceacecfe6

PODFILE CHECKSUM: f2af8e9e13f5ebeab8e4dbe5d5f71c30672217b8

COCOAPODS: 1.8.4
